<Solution>
  <Project Path="CleanArchitecture.API/CleanArchitecture.API.csproj" />
  <Project Path="CleanArchitecture.Core/CleanArchitecture.Core.csproj" />
  <Project Path="CleanArchitecture.Infrastracture/CleanArchitecture.Infrastracture.csproj" />
  <Project Path="CleanArchitecture.Services/CleanArchitecture.Services.csproj" />
</Solution>
